
Microsoft Visual Studio Solution File, Format Version 12.00
# Visual Studio Version 16
VisualStudioVersion = 16.0.33801.447
MinimumVisualStudioVersion = 10.0.40219.1
Project("{FAE04EC0-301F-11D3-BF4B-00C04F79EFBC}") = "CarInsurance", "CarInsurance\CarInsurance.csproj", "{C39683BF-531C-43FB-B4DC-5CE03935A0B9}"
EndProject
Global
	GlobalSection(SolutionConfigurationPlatforms) = preSolution
		Debug|Any CPU = Debug|Any CPU
		Release|Any CPU = Release|Any CPU
	EndGlobalSection
	GlobalSection(ProjectConfigurationPlatforms) = postSolution
		{C39683BF-531C-43FB-B4DC-5CE03935A0B9}.Debug|Any CPU.ActiveCfg = Debug|Any CPU
		{C39683BF-531C-43FB-B4DC-5CE03935A0B9}.Debug|Any CPU.Build.0 = Debug|Any CPU
		{C39683BF-531C-43FB-B4DC-5CE03935A0B9}.Release|Any CPU.ActiveCfg = Release|Any CPU
		{C39683BF-531C-43FB-B4DC-5CE03935A0B9}.Release|Any CPU.Build.0 = Release|Any CPU
	EndGlobalSection
	GlobalSection(SolutionProperties) = preSolution
		HideSolutionNode = FALSE
	EndGlobalSection
	GlobalSection(ExtensibilityGlobals) = postSolution
		SolutionGuid = {A4A1AEB4-BED9-479B-8D93-8F5A46F8F941}
	EndGlobalSection
EndGlobal
