
Microsoft Visual Studio Solution File, Format Version 12.00
# Visual Studio Version 16
VisualStudioVersion = 16.0.33801.447
MinimumVisualStudioVersion = 10.0.40219.1
Project("{FAE04EC0-301F-11D3-BF4B-00C04F79EFBC}") = "ConsoleAppAssignment", "ConsoleAppAssignment\ConsoleAppAssignment.csproj", "{CC5D86B3-9E76-4A70-9336-79312566C529}"
EndProject
Global
	GlobalSection(SolutionConfigurationPlatforms) = preSolution
		Debug|Any CPU = Debug|Any CPU
		Release|Any CPU = Release|Any CPU
	EndGlobalSection
	GlobalSection(ProjectConfigurationPlatforms) = postSolution
		{CC5D86B3-9E76-4A70-9336-79312566C529}.Debug|Any CPU.ActiveCfg = Debug|Any CPU
		{CC5D86B3-9E76-4A70-9336-79312566C529}.Debug|Any CPU.Build.0 = Debug|Any CPU
		{CC5D86B3-9E76-4A70-9336-79312566C529}.Release|Any CPU.ActiveCfg = Release|Any CPU
		{CC5D86B3-9E76-4A70-9336-79312566C529}.Release|Any CPU.Build.0 = Release|Any CPU
	EndGlobalSection
	GlobalSection(SolutionProperties) = preSolution
		HideSolutionNode = FALSE
	EndGlobalSection
	GlobalSection(ExtensibilityGlobals) = postSolution
		SolutionGuid = {5C7F54DA-43A5-4EDD-99CF-67F59470A8E9}
	EndGlobalSection
EndGlobal
