
Microsoft Visual Studio Solution File, Format Version 12.00
# Visual Studio Version 16
VisualStudioVersion = 16.0.33801.447
MinimumVisualStudioVersion = 10.0.40219.1
Project("{FAE04EC0-301F-11D3-BF4B-00C04F79EFBC}") = "MathChallenge", "MathChallenge\MathChallenge.csproj", "{30198246-A162-4C9D-9436-2366BC3D2B50}"
EndProject
Global
	GlobalSection(SolutionConfigurationPlatforms) = preSolution
		Debug|Any CPU = Debug|Any CPU
		Release|Any CPU = Release|Any CPU
	EndGlobalSection
	GlobalSection(ProjectConfigurationPlatforms) = postSolution
		{30198246-A162-4C9D-9436-2366BC3D2B50}.Debug|Any CPU.ActiveCfg = Debug|Any CPU
		{30198246-A162-4C9D-9436-2366BC3D2B50}.Debug|Any CPU.Build.0 = Debug|Any CPU
		{30198246-A162-4C9D-9436-2366BC3D2B50}.Release|Any CPU.ActiveCfg = Release|Any CPU
		{30198246-A162-4C9D-9436-2366BC3D2B50}.Release|Any CPU.Build.0 = Release|Any CPU
	EndGlobalSection
	GlobalSection(SolutionProperties) = preSolution
		HideSolutionNode = FALSE
	EndGlobalSection
	GlobalSection(ExtensibilityGlobals) = postSolution
		SolutionGuid = {1181601C-4F07-4697-BFA3-353E284255E0}
	EndGlobalSection
EndGlobal
