
Microsoft Visual Studio Solution File, Format Version 12.00
# Visual Studio Version 16
VisualStudioVersion = 16.0.33801.447
MinimumVisualStudioVersion = 10.0.40219.1
Project("{FAE04EC0-301F-11D3-BF4B-00C04F79EFBC}") = "LAMBDA", "LAMBDA\LAMBDA.csproj", "{72DDAB64-1915-4807-9CAE-90EA863A9866}"
EndProject
Global
	GlobalSection(SolutionConfigurationPlatforms) = preSolution
		Debug|Any CPU = Debug|Any CPU
		Release|Any CPU = Release|Any CPU
	EndGlobalSection
	GlobalSection(ProjectConfigurationPlatforms) = postSolution
		{72DDAB64-1915-4807-9CAE-90EA863A9866}.Debug|Any CPU.ActiveCfg = Debug|Any CPU
		{72DDAB64-1915-4807-9CAE-90EA863A9866}.Debug|Any CPU.Build.0 = Debug|Any CPU
		{72DDAB64-1915-4807-9CAE-90EA863A9866}.Release|Any CPU.ActiveCfg = Release|Any CPU
		{72DDAB64-1915-4807-9CAE-90EA863A9866}.Release|Any CPU.Build.0 = Release|Any CPU
	EndGlobalSection
	GlobalSection(SolutionProperties) = preSolution
		HideSolutionNode = FALSE
	EndGlobalSection
	GlobalSection(ExtensibilityGlobals) = postSolution
		SolutionGuid = {E4B6AB89-E435-495F-940F-599E802C6B77}
	EndGlobalSection
EndGlobal
